{
  "name": "minimal-with-npm",
  "version": "1.0.0",
  "lockfileVersion": 1,
  "requires": true,
  "dependencies": {
    "typeface-open-sans": {
      "version": "0.0.54",
      "resolved": "https://registry.npmjs.org/typeface-open-sans/-/typeface-open-sans-0.0.54.tgz",
      "integrity": "sha512-w6wOd6EicZdZKf0jSU/K3EzEi3zFgvWQSN7NOpRIQI5KeMWmC5Pg/lqtBVJHB0pRChYRmLdhf4h8ROur0A3JZQ=="
    }
  }
}
